
Microsoft Visual Studio Solution File, Format Version 12.00
# Visual Studio Version 17
VisualStudioVersion = 17.14.36301.6 d17.14
MinimumVisualStudioVersion = 10.0.40219.1
Project("{FAE04EC0-301F-11D3-BF4B-00C04F79EFBC}") = "Simple-App1", "Simple-App1.csproj", "{C24B54E0-7902-410D-828B-A7E30D2271CB}"
EndProject
Global
	GlobalSection(SolutionConfigurationPlatforms) = preSolution
		Debug|Any CPU = Debug|Any CPU
		Release|Any CPU = Release|Any CPU
	EndGlobalSection
	GlobalSection(ProjectConfigurationPlatforms) = postSolution
		{C24B54E0-7902-410D-828B-A7E30D2271CB}.Debug|Any CPU.ActiveCfg = Debug|Any CPU
		{C24B54E0-7902-410D-828B-A7E30D2271CB}.Debug|Any CPU.Build.0 = Debug|Any CPU
		{C24B54E0-7902-410D-828B-A7E30D2271CB}.Release|Any CPU.ActiveCfg = Release|Any CPU
		{C24B54E0-7902-410D-828B-A7E30D2271CB}.Release|Any CPU.Build.0 = Release|Any CPU
	EndGlobalSection
	GlobalSection(SolutionProperties) = preSolution
		HideSolutionNode = FALSE
	EndGlobalSection
	GlobalSection(ExtensibilityGlobals) = postSolution
		SolutionGuid = {A715C949-BE54-41F4-AC11-589AFA3D0EF2}
	EndGlobalSection
EndGlobal
